
Microsoft Visual Studio Solution File, Format Version 12.00
# Visual Studio Version 16
VisualStudioVersion = 16.0.31313.79
MinimumVisualStudioVersion = 10.0.40219.1
Project("{FAE04EC0-301F-11D3-BF4B-00C04F79EFBC}") = "BusTicket.Entities", "BusTicket.Entities\BusTicket.Entities.csproj", "{7E7F5CEE-15FD-4322-87E4-7EE3A3D52088}"
EndProject
Project("{FAE04EC0-301F-11D3-BF4B-00C04F79EFBC}") = "BusTicket.DataAccess", "BusTicket.DataAccess\BusTicket.DataAccess.csproj", "{D80FF05E-C30E-4AF6-A4AB-BDAB7DD6ABD4}"
EndProject
Project("{FAE04EC0-301F-11D3-BF4B-00C04F79EFBC}") = "BusTicket.Business", "BusTicket.Business\BusTicket.Business.csproj", "{2B7D8398-B036-4852-BF5C-DFA878DBBE8F}"
EndProject
Project("{FAE04EC0-301F-11D3-BF4B-00C04F79EFBC}") = "BusTicket.Core", "BusTicket.Core\BusTicket.Core.csproj", "{D5323488-E23F-4258-821D-705989864106}"
EndProject
Project("{FAE04EC0-301F-11D3-BF4B-00C04F79EFBC}") = "BusTicket.MvcWebUI", "BusTicket.MvcWebUI\BusTicket.MvcWebUI.csproj", "{4368B1ED-3D47-4975-922D-FB07CB21BB8A}"
EndProject
Global
	GlobalSection(SolutionConfigurationPlatforms) = preSolution
		Debug|Any CPU = Debug|Any CPU
		Release|Any CPU = Release|Any CPU
	EndGlobalSection
	GlobalSection(ProjectConfigurationPlatforms) = postSolution
		{7E7F5CEE-15FD-4322-87E4-7EE3A3D52088}.Debug|Any CPU.ActiveCfg = Debug|Any CPU
		{7E7F5CEE-15FD-4322-87E4-7EE3A3D52088}.Debug|Any CPU.Build.0 = Debug|Any CPU
		{7E7F5CEE-15FD-4322-87E4-7EE3A3D52088}.Release|Any CPU.ActiveCfg = Release|Any CPU
		{7E7F5CEE-15FD-4322-87E4-7EE3A3D52088}.Release|Any CPU.Build.0 = Release|Any CPU
		{D80FF05E-C30E-4AF6-A4AB-BDAB7DD6ABD4}.Debug|Any CPU.ActiveCfg = Debug|Any CPU
		{D80FF05E-C30E-4AF6-A4AB-BDAB7DD6ABD4}.Debug|Any CPU.Build.0 = Debug|Any CPU
		{D80FF05E-C30E-4AF6-A4AB-BDAB7DD6ABD4}.Release|Any CPU.ActiveCfg = Release|Any CPU
		{D80FF05E-C30E-4AF6-A4AB-BDAB7DD6ABD4}.Release|Any CPU.Build.0 = Release|Any CPU
		{2B7D8398-B036-4852-BF5C-DFA878DBBE8F}.Debug|Any CPU.ActiveCfg = Debug|Any CPU
		{2B7D8398-B036-4852-BF5C-DFA878DBBE8F}.Debug|Any CPU.Build.0 = Debug|Any CPU
		{2B7D8398-B036-4852-BF5C-DFA878DBBE8F}.Release|Any CPU.ActiveCfg = Release|Any CPU
		{2B7D8398-B036-4852-BF5C-DFA878DBBE8F}.Release|Any CPU.Build.0 = Release|Any CPU
		{D5323488-E23F-4258-821D-705989864106}.Debug|Any CPU.ActiveCfg = Debug|Any CPU
		{D5323488-E23F-4258-821D-705989864106}.Debug|Any CPU.Build.0 = Debug|Any CPU
		{D5323488-E23F-4258-821D-705989864106}.Release|Any CPU.ActiveCfg = Release|Any CPU
		{D5323488-E23F-4258-821D-705989864106}.Release|Any CPU.Build.0 = Release|Any CPU
		{4368B1ED-3D47-4975-922D-FB07CB21BB8A}.Debug|Any CPU.ActiveCfg = Debug|Any CPU
		{4368B1ED-3D47-4975-922D-FB07CB21BB8A}.Debug|Any CPU.Build.0 = Debug|Any CPU
		{4368B1ED-3D47-4975-922D-FB07CB21BB8A}.Release|Any CPU.ActiveCfg = Release|Any CPU
		{4368B1ED-3D47-4975-922D-FB07CB21BB8A}.Release|Any CPU.Build.0 = Release|Any CPU
	EndGlobalSection
	GlobalSection(SolutionProperties) = preSolution
		HideSolutionNode = FALSE
	EndGlobalSection
	GlobalSection(ExtensibilityGlobals) = postSolution
		SolutionGuid = {FFAF7192-26B2-4D08-B446-BD3544FD8AE1}
	EndGlobalSection
EndGlobal
